
Microsoft Visual Studio Solution File, Format Version 12.00
# Visual Studio Version 17
VisualStudioVersion = 17.11.35431.28
MinimumVisualStudioVersion = 10.0.40219.1
Project("{9A19103F-16F7-4668-BE54-9A1E7A4F7556}") = "PresidentialGameEngine.ConsoleRunner", "PresidentialGameEngine.ConsoleRunner\PresidentialGameEngine.ConsoleRunner.csproj", "{BF1B4DBD-0075-46EE-A58A-16DEF73B5565}"
EndProject
Project("{9A19103F-16F7-4668-BE54-9A1E7A4F7556}") = "PresidentialGameEngine.ClassLibrary", "PresidentialGameEngine.ClassLibrary\PresidentialGameEngine.ClassLibrary.csproj", "{13706EA8-CD6F-431F-91FA-DDE45DB13304}"
EndProject
Project("{9A19103F-16F7-4668-BE54-9A1E7A4F7556}") = "PresidentialGameEngine.ClassLibrary.Tests", "PresidentialGameEngine.ClassLibrary.Tests\PresidentialGameEngine.ClassLibrary.Tests.csproj", "{FD91090C-C1AC-46F6-9EE2-68031C12C9F9}"
EndProject
Project("{FAE04EC0-301F-11D3-BF4B-00C04F79EFBC}") = "NineteenSixtyApplication", "NineteenSixtyApplication\NineteenSixtyApplication.csproj", "{8FC60167-BCC8-43B5-B6B1-7C6F50D6F6F2}"
EndProject
Project("{FAE04EC0-301F-11D3-BF4B-00C04F79EFBC}") = "NineteenSixty", "NineteenSixty\NineteenSixty.csproj", "{1486FBF6-1680-425B-A917-722487293132}"
EndProject
Global
	GlobalSection(SolutionConfigurationPlatforms) = preSolution
		Debug|Any CPU = Debug|Any CPU
		Release|Any CPU = Release|Any CPU
	EndGlobalSection
	GlobalSection(ProjectConfigurationPlatforms) = postSolution
		{BF1B4DBD-0075-46EE-A58A-16DEF73B5565}.Debug|Any CPU.ActiveCfg = Debug|Any CPU
		{BF1B4DBD-0075-46EE-A58A-16DEF73B5565}.Debug|Any CPU.Build.0 = Debug|Any CPU
		{BF1B4DBD-0075-46EE-A58A-16DEF73B5565}.Release|Any CPU.ActiveCfg = Release|Any CPU
		{BF1B4DBD-0075-46EE-A58A-16DEF73B5565}.Release|Any CPU.Build.0 = Release|Any CPU
		{13706EA8-CD6F-431F-91FA-DDE45DB13304}.Debug|Any CPU.ActiveCfg = Debug|Any CPU
		{13706EA8-CD6F-431F-91FA-DDE45DB13304}.Debug|Any CPU.Build.0 = Debug|Any CPU
		{13706EA8-CD6F-431F-91FA-DDE45DB13304}.Release|Any CPU.ActiveCfg = Release|Any CPU
		{13706EA8-CD6F-431F-91FA-DDE45DB13304}.Release|Any CPU.Build.0 = Release|Any CPU
		{FD91090C-C1AC-46F6-9EE2-68031C12C9F9}.Debug|Any CPU.ActiveCfg = Debug|Any CPU
		{FD91090C-C1AC-46F6-9EE2-68031C12C9F9}.Debug|Any CPU.Build.0 = Debug|Any CPU
		{FD91090C-C1AC-46F6-9EE2-68031C12C9F9}.Release|Any CPU.ActiveCfg = Release|Any CPU
		{FD91090C-C1AC-46F6-9EE2-68031C12C9F9}.Release|Any CPU.Build.0 = Release|Any CPU
		{8FC60167-BCC8-43B5-B6B1-7C6F50D6F6F2}.Debug|Any CPU.ActiveCfg = Debug|Any CPU
		{8FC60167-BCC8-43B5-B6B1-7C6F50D6F6F2}.Debug|Any CPU.Build.0 = Debug|Any CPU
		{8FC60167-BCC8-43B5-B6B1-7C6F50D6F6F2}.Release|Any CPU.ActiveCfg = Release|Any CPU
		{8FC60167-BCC8-43B5-B6B1-7C6F50D6F6F2}.Release|Any CPU.Build.0 = Release|Any CPU
		{1486FBF6-1680-425B-A917-722487293132}.Debug|Any CPU.ActiveCfg = Debug|Any CPU
		{1486FBF6-1680-425B-A917-722487293132}.Debug|Any CPU.Build.0 = Debug|Any CPU
		{1486FBF6-1680-425B-A917-722487293132}.Release|Any CPU.ActiveCfg = Release|Any CPU
		{1486FBF6-1680-425B-A917-722487293132}.Release|Any CPU.Build.0 = Release|Any CPU
	EndGlobalSection
	GlobalSection(SolutionProperties) = preSolution
		HideSolutionNode = FALSE
	EndGlobalSection
	GlobalSection(ExtensibilityGlobals) = postSolution
		SolutionGuid = {44871B62-3217-44FB-96B8-18019E1D6EEF}
	EndGlobalSection
EndGlobal
